
Microsoft Visual Studio Solution File, Format Version 12.00
# Visual Studio 15
VisualStudioVersion = 15.0.28307.106
MinimumVisualStudioVersion = 10.0.40219.1
Project("{FAE04EC0-301F-11D3-BF4B-00C04F79EFBC}") = "WPF_Project", "WPF_Project\WPF_Project.csproj", "{112F24FC-90EA-43B6-AEFF-2348BEBA5901}"
	ProjectSection(ProjectDependencies) = postProject
		{63DCE548-CCBA-4C1F-A41B-FD381F944EA0} = {63DCE548-CCBA-4C1F-A41B-FD381F944EA0}
		{2752165F-3690-4A98-94EF-3BFC75626071} = {2752165F-3690-4A98-94EF-3BFC75626071}
		{452FCAED-2A02-4B0F-A7F3-60D122E7D7F3} = {452FCAED-2A02-4B0F-A7F3-60D122E7D7F3}
	EndProjectSection
EndProject
Project("{FAE04EC0-301F-11D3-BF4B-00C04F79EFBC}") = "Repositories", "Repositories\Repositories.csproj", "{63DCE548-CCBA-4C1F-A41B-FD381F944EA0}"
	ProjectSection(ProjectDependencies) = postProject
		{452FCAED-2A02-4B0F-A7F3-60D122E7D7F3} = {452FCAED-2A02-4B0F-A7F3-60D122E7D7F3}
	EndProjectSection
EndProject
Project("{FAE04EC0-301F-11D3-BF4B-00C04F79EFBC}") = "Interfaces", "Interfaces\Interfaces.csproj", "{2752165F-3690-4A98-94EF-3BFC75626071}"
EndProject
Project("{FAE04EC0-301F-11D3-BF4B-00C04F79EFBC}") = "Entities", "Entities\Entities.csproj", "{452FCAED-2A02-4B0F-A7F3-60D122E7D7F3}"
EndProject
Project("{FAE04EC0-301F-11D3-BF4B-00C04F79EFBC}") = "Globalization", "Globalization\Globalization.csproj", "{74CEBAFE-2082-41A3-8FBB-D7631123A907}"
EndProject
Project("{FAE04EC0-301F-11D3-BF4B-00C04F79EFBC}") = "Styles", "Styles\Styles.csproj", "{87C3BF44-6405-4777-AC53-CD002592B467}"
EndProject
Project("{FAE04EC0-301F-11D3-BF4B-00C04F79EFBC}") = "Common", "Common\Common.csproj", "{026CD5F8-FDF6-4463-ABAE-A223AFCC06AE}"
EndProject
Global
	GlobalSection(SolutionConfigurationPlatforms) = preSolution
		Debug|Any CPU = Debug|Any CPU
		Release|Any CPU = Release|Any CPU
	EndGlobalSection
	GlobalSection(ProjectConfigurationPlatforms) = postSolution
		{112F24FC-90EA-43B6-AEFF-2348BEBA5901}.Debug|Any CPU.ActiveCfg = Debug|Any CPU
		{112F24FC-90EA-43B6-AEFF-2348BEBA5901}.Debug|Any CPU.Build.0 = Debug|Any CPU
		{112F24FC-90EA-43B6-AEFF-2348BEBA5901}.Release|Any CPU.ActiveCfg = Release|Any CPU
		{112F24FC-90EA-43B6-AEFF-2348BEBA5901}.Release|Any CPU.Build.0 = Release|Any CPU
		{63DCE548-CCBA-4C1F-A41B-FD381F944EA0}.Debug|Any CPU.ActiveCfg = Debug|Any CPU
		{63DCE548-CCBA-4C1F-A41B-FD381F944EA0}.Debug|Any CPU.Build.0 = Debug|Any CPU
		{63DCE548-CCBA-4C1F-A41B-FD381F944EA0}.Release|Any CPU.ActiveCfg = Release|Any CPU
		{63DCE548-CCBA-4C1F-A41B-FD381F944EA0}.Release|Any CPU.Build.0 = Release|Any CPU
		{2752165F-3690-4A98-94EF-3BFC75626071}.Debug|Any CPU.ActiveCfg = Debug|Any CPU
		{2752165F-3690-4A98-94EF-3BFC75626071}.Debug|Any CPU.Build.0 = Debug|Any CPU
		{2752165F-3690-4A98-94EF-3BFC75626071}.Release|Any CPU.ActiveCfg = Release|Any CPU
		{2752165F-3690-4A98-94EF-3BFC75626071}.Release|Any CPU.Build.0 = Release|Any CPU
		{452FCAED-2A02-4B0F-A7F3-60D122E7D7F3}.Debug|Any CPU.ActiveCfg = Debug|Any CPU
		{452FCAED-2A02-4B0F-A7F3-60D122E7D7F3}.Debug|Any CPU.Build.0 = Debug|Any CPU
		{452FCAED-2A02-4B0F-A7F3-60D122E7D7F3}.Release|Any CPU.ActiveCfg = Release|Any CPU
		{452FCAED-2A02-4B0F-A7F3-60D122E7D7F3}.Release|Any CPU.Build.0 = Release|Any CPU
		{74CEBAFE-2082-41A3-8FBB-D7631123A907}.Debug|Any CPU.ActiveCfg = Debug|Any CPU
		{74CEBAFE-2082-41A3-8FBB-D7631123A907}.Debug|Any CPU.Build.0 = Debug|Any CPU
		{74CEBAFE-2082-41A3-8FBB-D7631123A907}.Release|Any CPU.ActiveCfg = Release|Any CPU
		{74CEBAFE-2082-41A3-8FBB-D7631123A907}.Release|Any CPU.Build.0 = Release|Any CPU
		{87C3BF44-6405-4777-AC53-CD002592B467}.Debug|Any CPU.ActiveCfg = Debug|Any CPU
		{87C3BF44-6405-4777-AC53-CD002592B467}.Debug|Any CPU.Build.0 = Debug|Any CPU
		{87C3BF44-6405-4777-AC53-CD002592B467}.Release|Any CPU.ActiveCfg = Release|Any CPU
		{87C3BF44-6405-4777-AC53-CD002592B467}.Release|Any CPU.Build.0 = Release|Any CPU
		{026CD5F8-FDF6-4463-ABAE-A223AFCC06AE}.Debug|Any CPU.ActiveCfg = Debug|Any CPU
		{026CD5F8-FDF6-4463-ABAE-A223AFCC06AE}.Debug|Any CPU.Build.0 = Debug|Any CPU
		{026CD5F8-FDF6-4463-ABAE-A223AFCC06AE}.Release|Any CPU.ActiveCfg = Release|Any CPU
		{026CD5F8-FDF6-4463-ABAE-A223AFCC06AE}.Release|Any CPU.Build.0 = Release|Any CPU
	EndGlobalSection
	GlobalSection(SolutionProperties) = preSolution
		HideSolutionNode = FALSE
	EndGlobalSection
	GlobalSection(ExtensibilityGlobals) = postSolution
		SolutionGuid = {ED284462-1C5F-4B95-A744-37D2CD4F6442}
	EndGlobalSection
EndGlobal
